# This file is generated by running "yarn install" inside your project.
# Manual changes might be lost - proceed with caution!

__metadata:
  version: 6
  cacheKey: 8

"@babel/helper-annotate-as-pure@npm:^7.0.0":
  version: 7.14.5
  resolution: "@babel/helper-annotate-as-pure@npm:7.14.5"
  dependencies:
    "@babel/types": ^7.14.5
  checksum: 18cefedda60003c2551dabe0e4ad278ef0507682680892c60e9f7cb75ae1dc9a065cddb3ce9964da76f220bf972af5262619eeac4b84c2b8aba1b031961215cc
  languageName: node
  linkType: hard

"@babel/helper-module-imports@npm:^7.0.0":
  version: 7.14.5
  resolution: "@babel/helper-module-imports@npm:7.14.5"
  dependencies:
    "@babel/types": ^7.14.5
  checksum: b98279908698a50a22634e683924cb25eb93edf1bf28ac65691dfa82d7a1a4dae4e6b12b8ef9f9a50171ca484620bce544f270873c53505d8a45364c5b665c0c
  languageName: node
  linkType: hard

"@babel/helper-validator-identifier@npm:^7.14.5":
  version: 7.14.5
  resolution: "@babel/helper-validator-identifier@npm:7.14.5"
  checksum: 6366bceab4498785defc083a1bd96344f788d90a1aa7a6f18d6813c1d3d134640bfc05690453c0b79bbfc820472cf5b29110dfddaca1f8e2763dfe1bd5df0b88
  languageName: node
  linkType: hard

"@babel/types@npm:^7.14.5":
  version: 7.14.5
  resolution: "@babel/types@npm:7.14.5"
  dependencies:
    "@babel/helper-validator-identifier": ^7.14.5
    to-fast-properties: ^2.0.0
  checksum: 7c1ab6e8bdf438d44236034cab10f7d0f1971179bc405dca26733a9b89dd87dd692dc49a238a7495075bc41a9a17fb6f08b4d1da45ea6ddcce1e5c8593574aea
  languageName: node
  linkType: hard

"@next/env@npm:14.2.25":
  version: 14.2.25
  resolution: "@next/env@npm:14.2.25"
  checksum: c937d4e8b62c7ae9c74bd607888e791b78445e93d523d22d0838e816c3fbeb7b1b62766d110ef235229e4c4ca8587f493e6ec761eb0a2c774dabaee2b58f581b
  languageName: node
  linkType: hard

"@next/swc-darwin-arm64@npm:14.2.25":
  version: 14.2.25
  resolution: "@next/swc-darwin-arm64@npm:14.2.25"
  conditions: os=darwin & cpu=arm64
  languageName: node
  linkType: hard

"@next/swc-darwin-x64@npm:14.2.25":
  version: 14.2.25
  resolution: "@next/swc-darwin-x64@npm:14.2.25"
  conditions: os=darwin & cpu=x64
  languageName: node
  linkType: hard

"@next/swc-linux-arm64-gnu@npm:14.2.25":
  version: 14.2.25
  resolution: "@next/swc-linux-arm64-gnu@npm:14.2.25"
  conditions: os=linux & cpu=arm64 & libc=glibc
  languageName: node
  linkType: hard

"@next/swc-linux-arm64-musl@npm:14.2.25":
  version: 14.2.25
  resolution: "@next/swc-linux-arm64-musl@npm:14.2.25"
  conditions: os=linux & cpu=arm64 & libc=musl
  languageName: node
  linkType: hard

"@next/swc-linux-x64-gnu@npm:14.2.25":
  version: 14.2.25
  resolution: "@next/swc-linux-x64-gnu@npm:14.2.25"
  conditions: os=linux & cpu=x64 & libc=glibc
  languageName: node
  linkType: hard

"@next/swc-linux-x64-musl@npm:14.2.25":
  version: 14.2.25
  resolution: "@next/swc-linux-x64-musl@npm:14.2.25"
  conditions: os=linux & cpu=x64 & libc=musl
  languageName: node
  linkType: hard

"@next/swc-win32-arm64-msvc@npm:14.2.25":
  version: 14.2.25
  resolution: "@next/swc-win32-arm64-msvc@npm:14.2.25"
  conditions: os=win32 & cpu=arm64
  languageName: node
  linkType: hard

"@next/swc-win32-ia32-msvc@npm:14.2.25":
  version: 14.2.25
  resolution: "@next/swc-win32-ia32-msvc@npm:14.2.25"
  conditions: os=win32 & cpu=ia32
  languageName: node
  linkType: hard

"@next/swc-win32-x64-msvc@npm:14.2.25":
  version: 14.2.25
  resolution: "@next/swc-win32-x64-msvc@npm:14.2.25"
  conditions: os=win32 & cpu=x64
  languageName: node
  linkType: hard

"@socialgouv/matomo-next@npm:^1.2.2":
  version: 1.2.2
  resolution: "@socialgouv/matomo-next@npm:1.2.2"
  peerDependencies:
    next: ">= 9.5.5"
  checksum: 45495c625f515b123faa561d5b422e9fe5902b6161017ee4092db90693cdcaff33cde1dc38acff5d5d0fdbe6da3ff4622e7950ecf957f94e6c903121cb986891
  languageName: node
  linkType: hard

"@socialgouv/sre-seal@npm:^1.4.0":
  version: 1.7.3
  resolution: "@socialgouv/sre-seal@npm:1.7.3"
  dependencies:
    execa: ^5.0.0
    pipe-args: ^1.3.0
    yaml: ^1.10.2
    yargs: ^15.4.1
  bin:
    sre-seal: bin/index.js
  checksum: 4b6705335a0bb7676c909429ccd6669575e231acd2899e4a14228fd74e55d452262d20413c7fba5a7e24ba5b8c0a3a983b5c528bc3ff542cfab23d4f29aafca8
  languageName: node
  linkType: hard

"@socialgouv/sre-secrets@npm:^1.4.0":
  version: 1.4.0
  resolution: "@socialgouv/sre-secrets@npm:1.4.0"
  dependencies:
    "@socialgouv/sre-seal": ^1.4.0
    chalk: ^4.1.0
    js-yaml: ^3.14.0
    ora: ^5.1.0
    yargs: ^16.1.0
  bin:
    sre-secrets: dist/index.js
  checksum: 1dd5a366da7ce58508ce9f62db2df12380a98fff0a887729c0bc69d3b751472477e108c90a9849c1fba302d49b358e21378760bc9dd9ead6a054f6c7bc42f333
  languageName: node
  linkType: hard

"@swc/counter@npm:^0.1.3":
  version: 0.1.3
  resolution: "@swc/counter@npm:0.1.3"
  checksum: df8f9cfba9904d3d60f511664c70d23bb323b3a0803ec9890f60133954173047ba9bdeabce28cd70ba89ccd3fd6c71c7b0bd58be85f611e1ffbe5d5c18616598
  languageName: node
  linkType: hard

"@swc/helpers@npm:0.5.5":
  version: 0.5.5
  resolution: "@swc/helpers@npm:0.5.5"
  dependencies:
    "@swc/counter": ^0.1.3
    tslib: ^2.4.0
  checksum: d4f207b191e54b29460804ddf2984ba6ece1d679a0b2f6a9c765dcf27bba92c5769e7965668a4546fb9f1021eaf0ff9be4bf5c235ce12adcd65acdfe77187d11
  languageName: node
  linkType: hard

"ansi-regex@npm:^5.0.0":
  version: 5.0.0
  resolution: "ansi-regex@npm:5.0.0"
  checksum: b1bb4e992a5d96327bb4f72eaba9f8047f1d808d273ad19d399e266bfcc7fb19a4d1a127a32f7bc61fe46f1a94a4d04ec4c424e3fbe184929aa866323d8ed4ce
  languageName: node
  linkType: hard

"ansi-styles@npm:^4.0.0, ansi-styles@npm:^4.1.0":
  version: 4.3.0
  resolution: "ansi-styles@npm:4.3.0"
  dependencies:
    color-convert: ^2.0.1
  checksum: 513b44c3b2105dd14cc42a19271e80f386466c4be574bccf60b627432f9198571ebf4ab1e4c3ba17347658f4ee1711c163d574248c0c1cdc2d5917a0ad582ec4
  languageName: node
  linkType: hard

"argparse@npm:^1.0.7":
  version: 1.0.10
  resolution: "argparse@npm:1.0.10"
  dependencies:
    sprintf-js: ~1.0.2
  checksum: 7ca6e45583a28de7258e39e13d81e925cfa25d7d4aacbf806a382d3c02fcb13403a07fb8aeef949f10a7cfe4a62da0e2e807b348a5980554cc28ee573ef95945
  languageName: node
  linkType: hard

"autoprefixer@npm:^10.2.6":
  version: 10.2.6
  resolution: "autoprefixer@npm:10.2.6"
  dependencies:
    browserslist: ^4.16.6
    caniuse-lite: ^1.0.30001230
    colorette: ^1.2.2
    fraction.js: ^4.1.1
    normalize-range: ^0.1.2
    postcss-value-parser: ^4.1.0
  peerDependencies:
    postcss: ^8.1.0
  bin:
    autoprefixer: bin/autoprefixer
  checksum: dedcc56739b3e5beda3927c13cd4dbb8e1eeb568418b28fb6b4a52697e951ec72ae3aca89e5d871c310e520a8bbbe24267b7401d21f96c07bf0ea6527977f9e8
  languageName: node
  linkType: hard

"babel-plugin-styled-components@npm:^1.12.1":
  version: 1.13.1
  resolution: "babel-plugin-styled-components@npm:1.13.1"
  dependencies:
    "@babel/helper-annotate-as-pure": ^7.0.0
    "@babel/helper-module-imports": ^7.0.0
    babel-plugin-syntax-jsx: ^6.18.0
    lodash: ^4.17.11
  peerDependencies:
    styled-components: ">= 2"
  checksum: 910e8c98d1814fcdafb663411c6e38625e93f1f6eb248dc4c1978b20182f5bb18e32df85c01620e6414aecabd127e8beb15245fde2489a47e44f7b8fe2118f2c
  languageName: node
  linkType: hard

"babel-plugin-syntax-jsx@npm:^6.18.0":
  version: 6.18.0
  resolution: "babel-plugin-syntax-jsx@npm:6.18.0"
  checksum: 0c7ce5b81d6cfc01a7dd7a76a9a8f090ee02ba5c890310f51217ef1a7e6163fb7848994bbc14fd560117892e82240df9c7157ad0764da67ca5f2afafb73a7d27
  languageName: node
  linkType: hard

"base64-js@npm:^1.3.1":
  version: 1.5.1
  resolution: "base64-js@npm:1.5.1"
  checksum: 669632eb3745404c2f822a18fc3a0122d2f9a7a13f7fb8b5823ee19d1d2ff9ee5b52c53367176ea4ad093c332fd5ab4bd0ebae5a8e27917a4105a4cfc86b1005
  languageName: node
  linkType: hard

"bl@npm:^4.1.0":
  version: 4.1.0
  resolution: "bl@npm:4.1.0"
  dependencies:
    buffer: ^5.5.0
    inherits: ^2.0.4
    readable-stream: ^3.4.0
  checksum: 9e8521fa7e83aa9427c6f8ccdcba6e8167ef30cc9a22df26effcc5ab682ef91d2cbc23a239f945d099289e4bbcfae7a192e9c28c84c6202e710a0dfec3722662
  languageName: node
  linkType: hard

"browserslist@npm:^4.16.6":
  version: 4.16.6
  resolution: "browserslist@npm:4.16.6"
  dependencies:
    caniuse-lite: ^1.0.30001219
    colorette: ^1.2.2
    electron-to-chromium: ^1.3.723
    escalade: ^3.1.1
    node-releases: ^1.1.71
  bin:
    browserslist: cli.js
  checksum: 3dffc86892d2dcfcfc66b52519b7e5698ae070b4fc92ab047e760efc4cae0474e9e70bbe10d769c8d3491b655ef3a2a885b88e7196c83cc5dc0a46dfdba8b70c
  languageName: node
  linkType: hard

"buffer@npm:^5.5.0":
  version: 5.7.1
  resolution: "buffer@npm:5.7.1"
  dependencies:
    base64-js: ^1.3.1
    ieee754: ^1.1.13
  checksum: e2cf8429e1c4c7b8cbd30834ac09bd61da46ce35f5c22a78e6c2f04497d6d25541b16881e30a019c6fd3154150650ccee27a308eff3e26229d788bbdeb08ab84
  languageName: node
  linkType: hard

"busboy@npm:1.6.0":
  version: 1.6.0
  resolution: "busboy@npm:1.6.0"
  dependencies:
    streamsearch: ^1.1.0
  checksum: 32801e2c0164e12106bf236291a00795c3c4e4b709ae02132883fe8478ba2ae23743b11c5735a0aae8afe65ac4b6ca4568b91f0d9fed1fdbc32ede824a73746e
  languageName: node
  linkType: hard

"camelcase@npm:^5.0.0":
  version: 5.3.1
  resolution: "camelcase@npm:5.3.1"
  checksum: e6effce26b9404e3c0f301498184f243811c30dfe6d0b9051863bd8e4034d09c8c2923794f280d6827e5aa055f6c434115ff97864a16a963366fb35fd673024b
  languageName: node
  linkType: hard

"caniuse-lite@npm:^1.0.30001219, caniuse-lite@npm:^1.0.30001230, caniuse-lite@npm:^1.0.30001579":
  version: 1.0.30001623
  resolution: "caniuse-lite@npm:1.0.30001623"
  checksum: 7653a34601c0b995c890e0c7ba79a2be5909153cd91069b992db1b25b481f4cb2775075f9d44fbf607f7754d08f4ecc519c2cde2c50171e12ddfab9bcf193e06
  languageName: node
  linkType: hard

"chalk@npm:^4.1.0":
  version: 4.1.1
  resolution: "chalk@npm:4.1.1"
  dependencies:
    ansi-styles: ^4.1.0
    supports-color: ^7.1.0
  checksum: 036e973e665ba1a32c975e291d5f3d549bceeb7b1b983320d4598fb75d70fe20c5db5d62971ec0fe76cdbce83985a00ee42372416abfc3a5584465005a7855ed
  languageName: node
  linkType: hard

"cli-cursor@npm:^3.1.0":
  version: 3.1.0
  resolution: "cli-cursor@npm:3.1.0"
  dependencies:
    restore-cursor: ^3.1.0
  checksum: 2692784c6cd2fd85cfdbd11f53aea73a463a6d64a77c3e098b2b4697a20443f430c220629e1ca3b195ea5ac4a97a74c2ee411f3807abf6df2b66211fec0c0a29
  languageName: node
  linkType: hard

"cli-spinners@npm:^2.5.0":
  version: 2.6.0
  resolution: "cli-spinners@npm:2.6.0"
  checksum: bc5d06af9f896e95d0c277e2a5ee0adc5876767decca6b3c22e212934b96033453268cb59be904eccb6d59119e57dbb3fc8ca9bdf5f8476506283b3dd8728748
  languageName: node
  linkType: hard

"client-only@npm:0.0.1":
  version: 0.0.1
  resolution: "client-only@npm:0.0.1"
  checksum: 0c16bf660dadb90610553c1d8946a7fdfb81d624adea073b8440b7d795d5b5b08beb3c950c6a2cf16279365a3265158a236876d92bce16423c485c322d7dfaf8
  languageName: node
  linkType: hard

"cliui@npm:^6.0.0":
  version: 6.0.0
  resolution: "cliui@npm:6.0.0"
  dependencies:
    string-width: ^4.2.0
    strip-ansi: ^6.0.0
    wrap-ansi: ^6.2.0
  checksum: 4fcfd26d292c9f00238117f39fc797608292ae36bac2168cfee4c85923817d0607fe21b3329a8621e01aedf512c99b7eaa60e363a671ffd378df6649fb48ae42
  languageName: node
  linkType: hard

"cliui@npm:^7.0.2":
  version: 7.0.4
  resolution: "cliui@npm:7.0.4"
  dependencies:
    string-width: ^4.2.0
    strip-ansi: ^6.0.0
    wrap-ansi: ^7.0.0
  checksum: ce2e8f578a4813806788ac399b9e866297740eecd4ad1823c27fd344d78b22c5f8597d548adbcc46f0573e43e21e751f39446c5a5e804a12aace402b7a315d7f
  languageName: node
  linkType: hard

"clone@npm:^1.0.2":
  version: 1.0.4
  resolution: "clone@npm:1.0.4"
  checksum: d06418b7335897209e77bdd430d04f882189582e67bd1f75a04565f3f07f5b3f119a9d670c943b6697d0afb100f03b866b3b8a1f91d4d02d72c4ecf2bb64b5dd
  languageName: node
  linkType: hard

"color-convert@npm:^2.0.1":
  version: 2.0.1
  resolution: "color-convert@npm:2.0.1"
  dependencies:
    color-name: ~1.1.4
  checksum: 79e6bdb9fd479a205c71d89574fccfb22bd9053bd98c6c4d870d65c132e5e904e6034978e55b43d69fcaa7433af2016ee203ce76eeba9cfa554b373e7f7db336
  languageName: node
  linkType: hard

"color-name@npm:~1.1.4":
  version: 1.1.4
  resolution: "color-name@npm:1.1.4"
  checksum: b0445859521eb4021cd0fb0cc1a75cecf67fceecae89b63f62b201cca8d345baf8b952c966862a9d9a2632987d4f6581f0ec8d957dfacece86f0a7919316f610
  languageName: node
  linkType: hard

"colorette@npm:^1.2.2":
  version: 1.2.2
  resolution: "colorette@npm:1.2.2"
  checksum: 69fec14ddaedd0f5b00e4bae40dc4bc61f7050ebdc82983a595d6fd64e650b9dc3c033fff378775683138e992e0ddd8717ac7c7cec4d089679dcfbe3cd921b04
  languageName: node
  linkType: hard

"cross-spawn@npm:^7.0.3":
  version: 7.0.3
  resolution: "cross-spawn@npm:7.0.3"
  dependencies:
    path-key: ^3.1.0
    shebang-command: ^2.0.0
    which: ^2.0.1
  checksum: 671cc7c7288c3a8406f3c69a3ae2fc85555c04169e9d611def9a675635472614f1c0ed0ef80955d5b6d4e724f6ced67f0ad1bb006c2ea643488fcfef994d7f52
  languageName: node
  linkType: hard

"decamelize@npm:^1.2.0":
  version: 1.2.0
  resolution: "decamelize@npm:1.2.0"
  checksum: ad8c51a7e7e0720c70ec2eeb1163b66da03e7616d7b98c9ef43cce2416395e84c1e9548dd94f5f6ffecfee9f8b94251fc57121a8b021f2ff2469b2bae247b8aa
  languageName: node
  linkType: hard

"defaults@npm:^1.0.3":
  version: 1.0.3
  resolution: "defaults@npm:1.0.3"
  dependencies:
    clone: ^1.0.2
  checksum: 96e2112da6553d376afd5265ea7cbdb2a3b45535965d71ab8bb1da10c8126d168fdd5268799625324b368356d21ba2a7b3d4ec50961f11a47b7feb9de3d4413e
  languageName: node
  linkType: hard

"electron-to-chromium@npm:^1.3.723":
  version: 1.3.768
  resolution: "electron-to-chromium@npm:1.3.768"
  checksum: 579390b59c16502c5193c15fc459ec1b734a82f6220cbd183d2a6342cf9ffaa4a145656a1f76a3ed302d58d79f420525325ece5915cf53b12c6d6f99e227051f
  languageName: node
  linkType: hard

"emoji-regex@npm:^8.0.0":
  version: 8.0.0
  resolution: "emoji-regex@npm:8.0.0"
  checksum: d4c5c39d5a9868b5fa152f00cada8a936868fd3367f33f71be515ecee4c803132d11b31a6222b2571b1e5f7e13890156a94880345594d0ce7e3c9895f560f192
  languageName: node
  linkType: hard

"escalade@npm:^3.1.1":
  version: 3.1.1
  resolution: "escalade@npm:3.1.1"
  checksum: a3e2a99f07acb74b3ad4989c48ca0c3140f69f923e56d0cba0526240ee470b91010f9d39001f2a4a313841d237ede70a729e92125191ba5d21e74b106800b133
  languageName: node
  linkType: hard

"esprima@npm:^4.0.0":
  version: 4.0.1
  resolution: "esprima@npm:4.0.1"
  bin:
    esparse: ./bin/esparse.js
    esvalidate: ./bin/esvalidate.js
  checksum: b45bc805a613dbea2835278c306b91aff6173c8d034223fa81498c77dcbce3b2931bf6006db816f62eacd9fd4ea975dfd85a5b7f3c6402cfd050d4ca3c13a628
  languageName: node
  linkType: hard

"execa@npm:^5.0.0":
  version: 5.1.1
  resolution: "execa@npm:5.1.1"
  dependencies:
    cross-spawn: ^7.0.3
    get-stream: ^6.0.0
    human-signals: ^2.1.0
    is-stream: ^2.0.0
    merge-stream: ^2.0.0
    npm-run-path: ^4.0.1
    onetime: ^5.1.2
    signal-exit: ^3.0.3
    strip-final-newline: ^2.0.0
  checksum: fba9022c8c8c15ed862847e94c252b3d946036d7547af310e344a527e59021fd8b6bb0723883ea87044dc4f0201f949046993124a42ccb0855cae5bf8c786343
  languageName: node
  linkType: hard

"find-up@npm:^4.1.0":
  version: 4.1.0
  resolution: "find-up@npm:4.1.0"
  dependencies:
    locate-path: ^5.0.0
    path-exists: ^4.0.0
  checksum: 4c172680e8f8c1f78839486e14a43ef82e9decd0e74145f40707cc42e7420506d5ec92d9a11c22bd2c48fb0c384ea05dd30e10dd152fefeec6f2f75282a8b844
  languageName: node
  linkType: hard

"fraction.js@npm:^4.1.1":
  version: 4.1.1
  resolution: "fraction.js@npm:4.1.1"
  checksum: e5a1f81d73e32aabf4fbd6581a7b3dfabd9a449ceb97c7e71ed2931dd0607095622341100d7819741eb9b435eb4e0d4a040a69e411dc943fa9b3a3872f3a2e0f
  languageName: node
  linkType: hard

"get-caller-file@npm:^2.0.1, get-caller-file@npm:^2.0.5":
  version: 2.0.5
  resolution: "get-caller-file@npm:2.0.5"
  checksum: b9769a836d2a98c3ee734a88ba712e62703f1df31b94b784762c433c27a386dd6029ff55c2a920c392e33657d80191edbf18c61487e198844844516f843496b9
  languageName: node
  linkType: hard

"get-stream@npm:^6.0.0":
  version: 6.0.1
  resolution: "get-stream@npm:6.0.1"
  checksum: e04ecece32c92eebf5b8c940f51468cd53554dcbb0ea725b2748be583c9523d00128137966afce410b9b051eb2ef16d657cd2b120ca8edafcf5a65e81af63cad
  languageName: node
  linkType: hard

"graceful-fs@npm:^4.2.11":
  version: 4.2.11
  resolution: "graceful-fs@npm:4.2.11"
  checksum: ac85f94da92d8eb6b7f5a8b20ce65e43d66761c55ce85ac96df6865308390da45a8d3f0296dd3a663de65d30ba497bd46c696cc1e248c72b13d6d567138a4fc7
  languageName: node
  linkType: hard

"has-flag@npm:^4.0.0":
  version: 4.0.0
  resolution: "has-flag@npm:4.0.0"
  checksum: 261a1357037ead75e338156b1f9452c016a37dcd3283a972a30d9e4a87441ba372c8b81f818cd0fbcd9c0354b4ae7e18b9e1afa1971164aef6d18c2b6095a8ad
  languageName: node
  linkType: hard

"human-signals@npm:^2.1.0":
  version: 2.1.0
  resolution: "human-signals@npm:2.1.0"
  checksum: b87fd89fce72391625271454e70f67fe405277415b48bcc0117ca73d31fa23a4241787afdc8d67f5a116cf37258c052f59ea82daffa72364d61351423848e3b8
  languageName: node
  linkType: hard

"ieee754@npm:^1.1.13":
  version: 1.2.1
  resolution: "ieee754@npm:1.2.1"
  checksum: 5144c0c9815e54ada181d80a0b810221a253562422e7c6c3a60b1901154184f49326ec239d618c416c1c5945a2e197107aee8d986a3dd836b53dffefd99b5e7e
  languageName: node
  linkType: hard

"inherits@npm:^2.0.3, inherits@npm:^2.0.4":
  version: 2.0.4
  resolution: "inherits@npm:2.0.4"
  checksum: 4a48a733847879d6cf6691860a6b1e3f0f4754176e4d71494c41f3475553768b10f84b5ce1d40fbd0e34e6bfbb864ee35858ad4dd2cf31e02fc4a154b724d7f1
  languageName: node
  linkType: hard

"is-fullwidth-code-point@npm:^3.0.0":
  version: 3.0.0
  resolution: "is-fullwidth-code-point@npm:3.0.0"
  checksum: 44a30c29457c7fb8f00297bce733f0a64cd22eca270f83e58c105e0d015e45c019491a4ab2faef91ab51d4738c670daff901c799f6a700e27f7314029e99e348
  languageName: node
  linkType: hard

"is-interactive@npm:^1.0.0":
  version: 1.0.0
  resolution: "is-interactive@npm:1.0.0"
  checksum: 824808776e2d468b2916cdd6c16acacebce060d844c35ca6d82267da692e92c3a16fdba624c50b54a63f38bdc4016055b6f443ce57d7147240de4f8cdabaf6f9
  languageName: node
  linkType: hard

"is-stream@npm:^2.0.0":
  version: 2.0.0
  resolution: "is-stream@npm:2.0.0"
  checksum: 4dc47738e26bc4f1b3be9070b6b9e39631144f204fc6f87db56961220add87c10a999ba26cf81699f9ef9610426f69cb08a4713feff8deb7d8cadac907826935
  languageName: node
  linkType: hard

"is-unicode-supported@npm:^0.1.0":
  version: 0.1.0
  resolution: "is-unicode-supported@npm:0.1.0"
  checksum: a2aab86ee7712f5c2f999180daaba5f361bdad1efadc9610ff5b8ab5495b86e4f627839d085c6530363c6d6d4ecbde340fb8e54bdb83da4ba8e0865ed5513c52
  languageName: node
  linkType: hard

"isexe@npm:^2.0.0":
  version: 2.0.0
  resolution: "isexe@npm:2.0.0"
  checksum: 26bf6c5480dda5161c820c5b5c751ae1e766c587b1f951ea3fcfc973bafb7831ae5b54a31a69bd670220e42e99ec154475025a468eae58ea262f813fdc8d1c62
  languageName: node
  linkType: hard

"js-tokens@npm:^3.0.0 || ^4.0.0":
  version: 4.0.0
  resolution: "js-tokens@npm:4.0.0"
  checksum: 8a95213a5a77deb6cbe94d86340e8d9ace2b93bc367790b260101d2f36a2eaf4e4e22d9fa9cf459b38af3a32fb4190e638024cf82ec95ef708680e405ea7cc78
  languageName: node
  linkType: hard

"js-yaml@npm:^3.14.0":
  version: 3.14.1
  resolution: "js-yaml@npm:3.14.1"
  dependencies:
    argparse: ^1.0.7
    esprima: ^4.0.0
  bin:
    js-yaml: bin/js-yaml.js
  checksum: bef146085f472d44dee30ec34e5cf36bf89164f5d585435a3d3da89e52622dff0b188a580e4ad091c3341889e14cb88cac6e4deb16dc5b1e9623bb0601fc255c
  languageName: node
  linkType: hard

"locate-path@npm:^5.0.0":
  version: 5.0.0
  resolution: "locate-path@npm:5.0.0"
  dependencies:
    p-locate: ^4.1.0
  checksum: 83e51725e67517287d73e1ded92b28602e3ae5580b301fe54bfb76c0c723e3f285b19252e375712316774cf52006cb236aed5704692c32db0d5d089b69696e30
  languageName: node
  linkType: hard

"lodash@npm:^4.17.11":
  version: 4.17.21
  resolution: "lodash@npm:4.17.21"
  checksum: eb835a2e51d381e561e508ce932ea50a8e5a68f4ebdd771ea240d3048244a8d13658acbd502cd4829768c56f2e16bdd4340b9ea141297d472517b83868e677f7
  languageName: node
  linkType: hard

"log-symbols@npm:^4.1.0":
  version: 4.1.0
  resolution: "log-symbols@npm:4.1.0"
  dependencies:
    chalk: ^4.1.0
    is-unicode-supported: ^0.1.0
  checksum: fce1497b3135a0198803f9f07464165e9eb83ed02ceb2273930a6f8a508951178d8cf4f0378e9d28300a2ed2bc49050995d2bd5f53ab716bb15ac84d58c6ef74
  languageName: node
  linkType: hard

"loose-envify@npm:^1.1.0":
  version: 1.4.0
  resolution: "loose-envify@npm:1.4.0"
  dependencies:
    js-tokens: ^3.0.0 || ^4.0.0
  bin:
    loose-envify: cli.js
  checksum: 6517e24e0cad87ec9888f500c5b5947032cdfe6ef65e1c1936a0c48a524b81e65542c9c3edc91c97d5bddc806ee2a985dbc79be89215d613b1de5db6d1cfe6f4
  languageName: node
  linkType: hard

"merge-stream@npm:^2.0.0":
  version: 2.0.0
  resolution: "merge-stream@npm:2.0.0"
  checksum: 6fa4dcc8d86629705cea944a4b88ef4cb0e07656ebf223fa287443256414283dd25d91c1cd84c77987f2aec5927af1a9db6085757cb43d90eb170ebf4b47f4f4
  languageName: node
  linkType: hard

"mimic-fn@npm:^2.1.0":
  version: 2.1.0
  resolution: "mimic-fn@npm:2.1.0"
  checksum: d2421a3444848ce7f84bd49115ddacff29c15745db73f54041edc906c14b131a38d05298dae3081667627a59b2eb1ca4b436ff2e1b80f69679522410418b478a
  languageName: node
  linkType: hard

"monsuivipsy@workspace:.":
  version: 0.0.0-use.local
  resolution: "monsuivipsy@workspace:."
  dependencies:
    "@socialgouv/matomo-next": ^1.2.2
    "@socialgouv/sre-secrets": ^1.4.0
    autoprefixer: ^10.2.6
    babel-plugin-styled-components: ^1.12.1
    next: ^14.2.25
    postcss: ^8.2.15
    react: ^18.3.1
    react-dom: ^18.3.1
    tailwindcss: ^4.0.0
  languageName: unknown
  linkType: soft

"nanoid@npm:^3.3.6":
  version: 3.3.7
  resolution: "nanoid@npm:3.3.7"
  bin:
    nanoid: bin/nanoid.cjs
  checksum: d36c427e530713e4ac6567d488b489a36582ef89da1d6d4e3b87eded11eb10d7042a877958c6f104929809b2ab0bafa17652b076cdf84324aa75b30b722204f2
  languageName: node
  linkType: hard

"next@npm:^14.2.25":
  version: 14.2.25
  resolution: "next@npm:14.2.25"
  dependencies:
    "@next/env": 14.2.25
    "@next/swc-darwin-arm64": 14.2.25
    "@next/swc-darwin-x64": 14.2.25
    "@next/swc-linux-arm64-gnu": 14.2.25
    "@next/swc-linux-arm64-musl": 14.2.25
    "@next/swc-linux-x64-gnu": 14.2.25
    "@next/swc-linux-x64-musl": 14.2.25
    "@next/swc-win32-arm64-msvc": 14.2.25
    "@next/swc-win32-ia32-msvc": 14.2.25
    "@next/swc-win32-x64-msvc": 14.2.25
    "@swc/helpers": 0.5.5
    busboy: 1.6.0
    caniuse-lite: ^1.0.30001579
    graceful-fs: ^4.2.11
    postcss: 8.4.31
    styled-jsx: 5.1.1
  peerDependencies:
    "@opentelemetry/api": ^1.1.0
    "@playwright/test": ^1.41.2
    react: ^18.2.0
    react-dom: ^18.2.0
    sass: ^1.3.0
  dependenciesMeta:
    "@next/swc-darwin-arm64":
      optional: true
    "@next/swc-darwin-x64":
      optional: true
    "@next/swc-linux-arm64-gnu":
      optional: true
    "@next/swc-linux-arm64-musl":
      optional: true
    "@next/swc-linux-x64-gnu":
      optional: true
    "@next/swc-linux-x64-musl":
      optional: true
    "@next/swc-win32-arm64-msvc":
      optional: true
    "@next/swc-win32-ia32-msvc":
      optional: true
    "@next/swc-win32-x64-msvc":
      optional: true
  peerDependenciesMeta:
    "@opentelemetry/api":
      optional: true
    "@playwright/test":
      optional: true
    sass:
      optional: true
  bin:
    next: dist/bin/next
  checksum: ca47d0f1d41351adaf75a37c8e8ce39dd76ebc62b054266ef84b5fc1ea41241ad5f16ab7a1ca47b6613b2c3e4c6f48b179f8cd3b0f087912ec7164c4e72981f0
  languageName: node
  linkType: hard

"node-releases@npm:^1.1.71":
  version: 1.1.73
  resolution: "node-releases@npm:1.1.73"
  checksum: 44a6caec3330538a669c156fa84833725ae92b317585b106e08ab292c14da09f30cb913c10f1a7402180a51b10074832d4e045b6c3512d74c37d86b41a69e63b
  languageName: node
  linkType: hard

"normalize-range@npm:^0.1.2":
  version: 0.1.2
  resolution: "normalize-range@npm:0.1.2"
  checksum: 9b2f14f093593f367a7a0834267c24f3cb3e887a2d9809c77d8a7e5fd08738bcd15af46f0ab01cc3a3d660386f015816b5c922cea8bf2ee79777f40874063184
  languageName: node
  linkType: hard

"npm-run-path@npm:^4.0.1":
  version: 4.0.1
  resolution: "npm-run-path@npm:4.0.1"
  dependencies:
    path-key: ^3.0.0
  checksum: 5374c0cea4b0bbfdfae62da7bbdf1e1558d338335f4cacf2515c282ff358ff27b2ecb91ffa5330a8b14390ac66a1e146e10700440c1ab868208430f56b5f4d23
  languageName: node
  linkType: hard

"onetime@npm:^5.1.0, onetime@npm:^5.1.2":
  version: 5.1.2
  resolution: "onetime@npm:5.1.2"
  dependencies:
    mimic-fn: ^2.1.0
  checksum: 2478859ef817fc5d4e9c2f9e5728512ddd1dbc9fb7829ad263765bb6d3b91ce699d6e2332eef6b7dff183c2f490bd3349f1666427eaba4469fba0ac38dfd0d34
  languageName: node
  linkType: hard

"ora@npm:^5.1.0":
  version: 5.4.1
  resolution: "ora@npm:5.4.1"
  dependencies:
    bl: ^4.1.0
    chalk: ^4.1.0
    cli-cursor: ^3.1.0
    cli-spinners: ^2.5.0
    is-interactive: ^1.0.0
    is-unicode-supported: ^0.1.0
    log-symbols: ^4.1.0
    strip-ansi: ^6.0.0
    wcwidth: ^1.0.1
  checksum: 28d476ee6c1049d68368c0dc922e7225e3b5600c3ede88fade8052837f9ed342625fdaa84a6209302587c8ddd9b664f71f0759833cbdb3a4cf81344057e63c63
  languageName: node
  linkType: hard

"p-limit@npm:^2.2.0":
  version: 2.3.0
  resolution: "p-limit@npm:2.3.0"
  dependencies:
    p-try: ^2.0.0
  checksum: 84ff17f1a38126c3314e91ecfe56aecbf36430940e2873dadaa773ffe072dc23b7af8e46d4b6485d302a11673fe94c6b67ca2cfbb60c989848b02100d0594ac1
  languageName: node
  linkType: hard

"p-locate@npm:^4.1.0":
  version: 4.1.0
  resolution: "p-locate@npm:4.1.0"
  dependencies:
    p-limit: ^2.2.0
  checksum: 513bd14a455f5da4ebfcb819ef706c54adb09097703de6aeaa5d26fe5ea16df92b48d1ac45e01e3944ce1e6aa2a66f7f8894742b8c9d6e276e16cd2049a2b870
  languageName: node
  linkType: hard

"p-try@npm:^2.0.0":
  version: 2.2.0
  resolution: "p-try@npm:2.2.0"
  checksum: f8a8e9a7693659383f06aec604ad5ead237c7a261c18048a6e1b5b85a5f8a067e469aa24f5bc009b991ea3b058a87f5065ef4176793a200d4917349881216cae
  languageName: node
  linkType: hard

"path-exists@npm:^4.0.0":
  version: 4.0.0
  resolution: "path-exists@npm:4.0.0"
  checksum: 505807199dfb7c50737b057dd8d351b82c033029ab94cb10a657609e00c1bc53b951cfdbccab8de04c5584d5eff31128ce6afd3db79281874a5ef2adbba55ed1
  languageName: node
  linkType: hard

"path-key@npm:^3.0.0, path-key@npm:^3.1.0":
  version: 3.1.1
  resolution: "path-key@npm:3.1.1"
  checksum: 55cd7a9dd4b343412a8386a743f9c746ef196e57c823d90ca3ab917f90ab9f13dd0ded27252ba49dbdfcab2b091d998bc446f6220cd3cea65db407502a740020
  languageName: node
  linkType: hard

"picocolors@npm:^1.0.0":
  version: 1.0.1
  resolution: "picocolors@npm:1.0.1"
  checksum: fa68166d1f56009fc02a34cdfd112b0dd3cf1ef57667ac57281f714065558c01828cdf4f18600ad6851cbe0093952ed0660b1e0156bddf2184b6aaf5817553a5
  languageName: node
  linkType: hard

"pipe-args@npm:^1.3.0":
  version: 1.3.0
  resolution: "pipe-args@npm:1.3.0"
  dependencies:
    ramda: ^0.23.0
  checksum: a61d1385cff3b80188bcfdece4689dffb1c5fa2a48866309780a16f3b69a54d9461ac9e8bd8dc03cd3ec56aac13bfa0d90ad55a9a184a010f9f8ab3beebce7bf
  languageName: node
  linkType: hard

"postcss-value-parser@npm:^4.1.0":
  version: 4.1.0
  resolution: "postcss-value-parser@npm:4.1.0"
  checksum: 68a9ea27c780fa3cc350be37b47cc46385c61dd9627990909230e0e9c3debf6d5beb49006bd743a2e506cdd6fa7d07637f2d9504a394f67cc3011d1ff0134886
  languageName: node
  linkType: hard

"postcss@npm:8.4.31, postcss@npm:^8.2.15":
  version: 8.4.31
  resolution: "postcss@npm:8.4.31"
  dependencies:
    nanoid: ^3.3.6
    picocolors: ^1.0.0
    source-map-js: ^1.0.2
  checksum: 1d8611341b073143ad90486fcdfeab49edd243377b1f51834dc4f6d028e82ce5190e4f11bb2633276864503654fb7cab28e67abdc0fbf9d1f88cad4a0ff0beea
  languageName: node
  linkType: hard

"ramda@npm:^0.23.0":
  version: 0.23.0
  resolution: "ramda@npm:0.23.0"
  checksum: 7047a6d46311baa2299b97e4291ccd684953aa992f2e9390c3ae5eb090afa0c048ea01b3cac9522fa0bba8108db053eb0823f922cc3d5dbe431e124f4e94eb9a
  languageName: node
  linkType: hard

"react-dom@npm:^18.3.1":
  version: 18.3.1
  resolution: "react-dom@npm:18.3.1"
  dependencies:
    loose-envify: ^1.1.0
    scheduler: ^0.23.2
  peerDependencies:
    react: ^18.3.1
  checksum: 298954ecd8f78288dcaece05e88b570014d8f6dce5db6f66e6ee91448debeb59dcd31561dddb354eee47e6c1bb234669459060deb238ed0213497146e555a0b9
  languageName: node
  linkType: hard

"react@npm:^18.3.1":
  version: 18.3.1
  resolution: "react@npm:18.3.1"
  dependencies:
    loose-envify: ^1.1.0
  checksum: a27bcfa8ff7c15a1e50244ad0d0c1cb2ad4375eeffefd266a64889beea6f6b64c4966c9b37d14ee32d6c9fcd5aa6ba183b6988167ab4d127d13e7cb5b386a376
  languageName: node
  linkType: hard

"readable-stream@npm:^3.4.0":
  version: 3.6.0
  resolution: "readable-stream@npm:3.6.0"
  dependencies:
    inherits: ^2.0.3
    string_decoder: ^1.1.1
    util-deprecate: ^1.0.1
  checksum: d4ea81502d3799439bb955a3a5d1d808592cf3133350ed352aeaa499647858b27b1c4013984900238b0873ec8d0d8defce72469fb7a83e61d53f5ad61cb80dc8
  languageName: node
  linkType: hard

"require-directory@npm:^2.1.1":
  version: 2.1.1
  resolution: "require-directory@npm:2.1.1"
  checksum: fb47e70bf0001fdeabdc0429d431863e9475e7e43ea5f94ad86503d918423c1543361cc5166d713eaa7029dd7a3d34775af04764bebff99ef413111a5af18c80
  languageName: node
  linkType: hard

"require-main-filename@npm:^2.0.0":
  version: 2.0.0
  resolution: "require-main-filename@npm:2.0.0"
  checksum: e9e294695fea08b076457e9ddff854e81bffbe248ed34c1eec348b7abbd22a0d02e8d75506559e2265e96978f3c4720bd77a6dad84755de8162b357eb6c778c7
  languageName: node
  linkType: hard

"restore-cursor@npm:^3.1.0":
  version: 3.1.0
  resolution: "restore-cursor@npm:3.1.0"
  dependencies:
    onetime: ^5.1.0
    signal-exit: ^3.0.2
  checksum: f877dd8741796b909f2a82454ec111afb84eb45890eb49ac947d87991379406b3b83ff9673a46012fca0d7844bb989f45cc5b788254cf1a39b6b5a9659de0630
  languageName: node
  linkType: hard

"safe-buffer@npm:~5.2.0":
  version: 5.2.1
  resolution: "safe-buffer@npm:5.2.1"
  checksum: b99c4b41fdd67a6aaf280fcd05e9ffb0813654894223afb78a31f14a19ad220bba8aba1cb14eddce1fcfb037155fe6de4e861784eb434f7d11ed58d1e70dd491
  languageName: node
  linkType: hard

"scheduler@npm:^0.23.2":
  version: 0.23.2
  resolution: "scheduler@npm:0.23.2"
  dependencies:
    loose-envify: ^1.1.0
  checksum: 3e82d1f419e240ef6219d794ff29c7ee415fbdc19e038f680a10c067108e06284f1847450a210b29bbaf97b9d8a97ced5f624c31c681248ac84c80d56ad5a2c4
  languageName: node
  linkType: hard

"set-blocking@npm:^2.0.0":
  version: 2.0.0
  resolution: "set-blocking@npm:2.0.0"
  checksum: 6e65a05f7cf7ebdf8b7c75b101e18c0b7e3dff4940d480efed8aad3a36a4005140b660fa1d804cb8bce911cac290441dc728084a30504d3516ac2ff7ad607b02
  languageName: node
  linkType: hard

"shebang-command@npm:^2.0.0":
  version: 2.0.0
  resolution: "shebang-command@npm:2.0.0"
  dependencies:
    shebang-regex: ^3.0.0
  checksum: 6b52fe87271c12968f6a054e60f6bde5f0f3d2db483a1e5c3e12d657c488a15474121a1d55cd958f6df026a54374ec38a4a963988c213b7570e1d51575cea7fa
  languageName: node
  linkType: hard

"shebang-regex@npm:^3.0.0":
  version: 3.0.0
  resolution: "shebang-regex@npm:3.0.0"
  checksum: 1a2bcae50de99034fcd92ad4212d8e01eedf52c7ec7830eedcf886622804fe36884278f2be8be0ea5fde3fd1c23911643a4e0f726c8685b61871c8908af01222
  languageName: node
  linkType: hard

"signal-exit@npm:^3.0.2, signal-exit@npm:^3.0.3":
  version: 3.0.3
  resolution: "signal-exit@npm:3.0.3"
  checksum: f0169d3f1263d06df32ca072b0bf33b34c6f8f0341a7a1621558a2444dfbe8f5fec76b35537fcc6f0bc4944bdb5336fe0bdcf41a5422c4e45a1dba3f45475e6c
  languageName: node
  linkType: hard

"source-map-js@npm:^1.0.2":
  version: 1.2.0
  resolution: "source-map-js@npm:1.2.0"
  checksum: 791a43306d9223792e84293b00458bf102a8946e7188f3db0e4e22d8d530b5f80a4ce468eb5ec0bf585443ad55ebbd630bf379c98db0b1f317fd902500217f97
  languageName: node
  linkType: hard

"sprintf-js@npm:~1.0.2":
  version: 1.0.3
  resolution: "sprintf-js@npm:1.0.3"
  checksum: 19d79aec211f09b99ec3099b5b2ae2f6e9cdefe50bc91ac4c69144b6d3928a640bb6ae5b3def70c2e85a2c3d9f5ec2719921e3a59d3ca3ef4b2fd1a4656a0df3
  languageName: node
  linkType: hard

"streamsearch@npm:^1.1.0":
  version: 1.1.0
  resolution: "streamsearch@npm:1.1.0"
  checksum: 1cce16cea8405d7a233d32ca5e00a00169cc0e19fbc02aa839959985f267335d435c07f96e5e0edd0eadc6d39c98d5435fb5bbbdefc62c41834eadc5622ad942
  languageName: node
  linkType: hard

"string-width@npm:^4.1.0, string-width@npm:^4.2.0":
  version: 4.2.2
  resolution: "string-width@npm:4.2.2"
  dependencies:
    emoji-regex: ^8.0.0
    is-fullwidth-code-point: ^3.0.0
    strip-ansi: ^6.0.0
  checksum: 343e089b0e66e0f72aab4ad1d9b6f2c9cc5255844b0c83fd9b53f2a3b3fd0421bdd6cb05be96a73117eb012db0887a6c1d64ca95aaa50c518e48980483fea0ab
  languageName: node
  linkType: hard

"string_decoder@npm:^1.1.1":
  version: 1.3.0
  resolution: "string_decoder@npm:1.3.0"
  dependencies:
    safe-buffer: ~5.2.0
  checksum: 8417646695a66e73aefc4420eb3b84cc9ffd89572861fe004e6aeb13c7bc00e2f616247505d2dbbef24247c372f70268f594af7126f43548565c68c117bdeb56
  languageName: node
  linkType: hard

"strip-ansi@npm:^6.0.0":
  version: 6.0.0
  resolution: "strip-ansi@npm:6.0.0"
  dependencies:
    ansi-regex: ^5.0.0
  checksum: 04c3239ede44c4d195b0e66c0ad58b932f08bec7d05290416d361ff908ad282ecdaf5d9731e322c84f151d427436bde01f05b7422c3ec26dd927586736b0e5d0
  languageName: node
  linkType: hard

"strip-final-newline@npm:^2.0.0":
  version: 2.0.0
  resolution: "strip-final-newline@npm:2.0.0"
  checksum: 69412b5e25731e1938184b5d489c32e340605bb611d6140344abc3421b7f3c6f9984b21dff296dfcf056681b82caa3bb4cc996a965ce37bcfad663e92eae9c64
  languageName: node
  linkType: hard

"styled-jsx@npm:5.1.1":
  version: 5.1.1
  resolution: "styled-jsx@npm:5.1.1"
  dependencies:
    client-only: 0.0.1
  peerDependencies:
    react: ">= 16.8.0 || 17.x.x || ^18.0.0-0"
  peerDependenciesMeta:
    "@babel/core":
      optional: true
    babel-plugin-macros:
      optional: true
  checksum: 523a33b38603492547e861b98e29c873939b04e15fbe5ef16132c6f1e15958126647983c7d4675325038b428a5e91183d996e90141b18bdd1bbadf6e2c45b2fa
  languageName: node
  linkType: hard

"supports-color@npm:^7.1.0":
  version: 7.2.0
  resolution: "supports-color@npm:7.2.0"
  dependencies:
    has-flag: ^4.0.0
  checksum: 3dda818de06ebbe5b9653e07842d9479f3555ebc77e9a0280caf5a14fb877ffee9ed57007c3b78f5a6324b8dbeec648d9e97a24e2ed9fdb81ddc69ea07100f4a
  languageName: node
  linkType: hard

"tailwindcss@npm:^4.0.0":
  version: 4.0.15
  resolution: "tailwindcss@npm:4.0.15"
  checksum: 36fba8bbbafeb78eecf8913b660711ae6c10d030d5904592113bd74622a3e140d93f89654000e1b3d3bcd12dc70b09792076d6f86f47768f59b0f3ebadf6f0ee
  languageName: node
  linkType: hard

"to-fast-properties@npm:^2.0.0":
  version: 2.0.0
  resolution: "to-fast-properties@npm:2.0.0"
  checksum: be2de62fe58ead94e3e592680052683b1ec986c72d589e7b21e5697f8744cdbf48c266fa72f6c15932894c10187b5f54573a3bcf7da0bfd964d5caf23d436168
  languageName: node
  linkType: hard

"tslib@npm:^2.4.0":
  version: 2.6.2
  resolution: "tslib@npm:2.6.2"
  checksum: 329ea56123005922f39642318e3d1f0f8265d1e7fcb92c633e0809521da75eeaca28d2cf96d7248229deb40e5c19adf408259f4b9640afd20d13aecc1430f3ad
  languageName: node
  linkType: hard

"util-deprecate@npm:^1.0.1":
  version: 1.0.2
  resolution: "util-deprecate@npm:1.0.2"
  checksum: 474acf1146cb2701fe3b074892217553dfcf9a031280919ba1b8d651a068c9b15d863b7303cb15bd00a862b498e6cf4ad7b4a08fb134edd5a6f7641681cb54a2
  languageName: node
  linkType: hard

"wcwidth@npm:^1.0.1":
  version: 1.0.1
  resolution: "wcwidth@npm:1.0.1"
  dependencies:
    defaults: ^1.0.3
  checksum: 814e9d1ddcc9798f7377ffa448a5a3892232b9275ebb30a41b529607691c0491de47cba426e917a4d08ded3ee7e9ba2f3fe32e62ee3cd9c7d3bafb7754bd553c
  languageName: node
  linkType: hard

"which-module@npm:^2.0.0":
  version: 2.0.0
  resolution: "which-module@npm:2.0.0"
  checksum: 809f7fd3dfcb2cdbe0180b60d68100c88785084f8f9492b0998c051d7a8efe56784492609d3f09ac161635b78ea29219eb1418a98c15ce87d085bce905705c9c
  languageName: node
  linkType: hard

"which@npm:^2.0.1":
  version: 2.0.2
  resolution: "which@npm:2.0.2"
  dependencies:
    isexe: ^2.0.0
  bin:
    node-which: ./bin/node-which
  checksum: 1a5c563d3c1b52d5f893c8b61afe11abc3bab4afac492e8da5bde69d550de701cf9806235f20a47b5c8fa8a1d6a9135841de2596535e998027a54589000e66d1
  languageName: node
  linkType: hard

"wrap-ansi@npm:^6.2.0":
  version: 6.2.0
  resolution: "wrap-ansi@npm:6.2.0"
  dependencies:
    ansi-styles: ^4.0.0
    string-width: ^4.1.0
    strip-ansi: ^6.0.0
  checksum: 6cd96a410161ff617b63581a08376f0cb9162375adeb7956e10c8cd397821f7eb2a6de24eb22a0b28401300bf228c86e50617cd568209b5f6775b93c97d2fe3a
  languageName: node
  linkType: hard

"wrap-ansi@npm:^7.0.0":
  version: 7.0.0
  resolution: "wrap-ansi@npm:7.0.0"
  dependencies:
    ansi-styles: ^4.0.0
    string-width: ^4.1.0
    strip-ansi: ^6.0.0
  checksum: a790b846fd4505de962ba728a21aaeda189b8ee1c7568ca5e817d85930e06ef8d1689d49dbf0e881e8ef84436af3a88bc49115c2e2788d841ff1b8b5b51a608b
  languageName: node
  linkType: hard

"y18n@npm:^4.0.0":
  version: 4.0.3
  resolution: "y18n@npm:4.0.3"
  checksum: 014dfcd9b5f4105c3bb397c1c8c6429a9df004aa560964fb36732bfb999bfe83d45ae40aeda5b55d21b1ee53d8291580a32a756a443e064317953f08025b1aa4
  languageName: node
  linkType: hard

"y18n@npm:^5.0.5":
  version: 5.0.8
  resolution: "y18n@npm:5.0.8"
  checksum: 54f0fb95621ee60898a38c572c515659e51cc9d9f787fb109cef6fde4befbe1c4602dc999d30110feee37456ad0f1660fa2edcfde6a9a740f86a290999550d30
  languageName: node
  linkType: hard

"yaml@npm:^1.10.2":
  version: 1.10.2
  resolution: "yaml@npm:1.10.2"
  checksum: ce4ada136e8a78a0b08dc10b4b900936912d15de59905b2bf415b4d33c63df1d555d23acb2a41b23cf9fb5da41c256441afca3d6509de7247daa062fd2c5ea5f
  languageName: node
  linkType: hard

"yargs-parser@npm:^18.1.2":
  version: 18.1.3
  resolution: "yargs-parser@npm:18.1.3"
  dependencies:
    camelcase: ^5.0.0
    decamelize: ^1.2.0
  checksum: 60e8c7d1b85814594d3719300ecad4e6ae3796748b0926137bfec1f3042581b8646d67e83c6fc80a692ef08b8390f21ddcacb9464476c39bbdf52e34961dd4d9
  languageName: node
  linkType: hard

"yargs-parser@npm:^20.2.2":
  version: 20.2.9
  resolution: "yargs-parser@npm:20.2.9"
  checksum: 8bb69015f2b0ff9e17b2c8e6bfe224ab463dd00ca211eece72a4cd8a906224d2703fb8a326d36fdd0e68701e201b2a60ed7cf81ce0fd9b3799f9fe7745977ae3
  languageName: node
  linkType: hard

"yargs@npm:^15.4.1":
  version: 15.4.1
  resolution: "yargs@npm:15.4.1"
  dependencies:
    cliui: ^6.0.0
    decamelize: ^1.2.0
    find-up: ^4.1.0
    get-caller-file: ^2.0.1
    require-directory: ^2.1.1
    require-main-filename: ^2.0.0
    set-blocking: ^2.0.0
    string-width: ^4.2.0
    which-module: ^2.0.0
    y18n: ^4.0.0
    yargs-parser: ^18.1.2
  checksum: 40b974f508d8aed28598087720e086ecd32a5fd3e945e95ea4457da04ee9bdb8bdd17fd91acff36dc5b7f0595a735929c514c40c402416bbb87c03f6fb782373
  languageName: node
  linkType: hard

"yargs@npm:^16.1.0":
  version: 16.2.0
  resolution: "yargs@npm:16.2.0"
  dependencies:
    cliui: ^7.0.2
    escalade: ^3.1.1
    get-caller-file: ^2.0.5
    require-directory: ^2.1.1
    string-width: ^4.2.0
    y18n: ^5.0.5
    yargs-parser: ^20.2.2
  checksum: b14afbb51e3251a204d81937c86a7e9d4bdbf9a2bcee38226c900d00f522969ab675703bee2a6f99f8e20103f608382936034e64d921b74df82b63c07c5e8f59
  languageName: node
  linkType: hard
